
Microsoft Visual Studio Solution File, Format Version 12.00
# Visual Studio Version 17
VisualStudioVersion = 17.9.34607.119
MinimumVisualStudioVersion = 10.0.40219.1
Project("{9A19103F-16F7-4668-BE54-9A1E7A4F7556}") = "TimoShopApi", "TimoShopApi\TimoShopApi.csproj", "{452C8D92-1816-40F5-AFA9-4BA13685F071}"
EndProject
Project("{FAE04EC0-301F-11D3-BF4B-00C04F79EFBC}") = "TimoShopApi.Test", "TimoShopApi.Test\TimoShopApi.Test.csproj", "{15CC334E-D633-486F-9068-061068DD7EAB}"
EndProject
Global
	GlobalSection(SolutionConfigurationPlatforms) = preSolution
		Debug|Any CPU = Debug|Any CPU
		Release|Any CPU = Release|Any CPU
	EndGlobalSection
	GlobalSection(ProjectConfigurationPlatforms) = postSolution
		{452C8D92-1816-40F5-AFA9-4BA13685F071}.Debug|Any CPU.ActiveCfg = Debug|Any CPU
		{452C8D92-1816-40F5-AFA9-4BA13685F071}.Debug|Any CPU.Build.0 = Debug|Any CPU
		{452C8D92-1816-40F5-AFA9-4BA13685F071}.Release|Any CPU.ActiveCfg = Release|Any CPU
		{452C8D92-1816-40F5-AFA9-4BA13685F071}.Release|Any CPU.Build.0 = Release|Any CPU
		{15CC334E-D633-486F-9068-061068DD7EAB}.Debug|Any CPU.ActiveCfg = Debug|Any CPU
		{15CC334E-D633-486F-9068-061068DD7EAB}.Debug|Any CPU.Build.0 = Debug|Any CPU
		{15CC334E-D633-486F-9068-061068DD7EAB}.Release|Any CPU.ActiveCfg = Release|Any CPU
		{15CC334E-D633-486F-9068-061068DD7EAB}.Release|Any CPU.Build.0 = Release|Any CPU
	EndGlobalSection
	GlobalSection(SolutionProperties) = preSolution
		HideSolutionNode = FALSE
	EndGlobalSection
	GlobalSection(ExtensibilityGlobals) = postSolution
		SolutionGuid = {8E0FA188-3EB9-44EC-B15A-06D8103E6963}
	EndGlobalSection
EndGlobal
